
Microsoft Visual Studio Solution File, Format Version 12.00
# Visual Studio Version 17
VisualStudioVersion = 17.9.34622.214
MinimumVisualStudioVersion = 10.0.40219.1
Project("{2150E333-8FDC-42A3-9474-1A3956D46DE8}") = "SRP_BAD", "SRP_BAD", "{643EE757-5D74-4ACF-8F15-4641524867B2}"
EndProject
Project("{FAE04EC0-301F-11D3-BF4B-00C04F79EFBC}") = "CA_SRP_BAD", "CA_SRP_BAD\CA_SRP_BAD.csproj", "{6C81CFEF-7A1E-469F-9C34-4FF9473A3109}"
EndProject
Project("{2150E333-8FDC-42A3-9474-1A3956D46DE8}") = "SRP_Validate", "SRP_Validate", "{11C1426D-BE9E-4C0D-A63E-9722559EFF37}"
EndProject
Project("{FAE04EC0-301F-11D3-BF4B-00C04F79EFBC}") = "CA_SRP_VALIDATE", "CA_SRP_VALIDATE\CA_SRP_VALIDATE.csproj", "{B32639EA-D58D-47B3-9005-480CE34D547F}"
EndProject
Project("{2150E333-8FDC-42A3-9474-1A3956D46DE8}") = "OCP_BAD", "OCP_BAD", "{E9CBEB4D-8BD1-4AE3-BCD1-F2818F352DEB}"
EndProject
Project("{FAE04EC0-301F-11D3-BF4B-00C04F79EFBC}") = "CA_OCP_BAD", "CA_OCP_BAD\CA_OCP_BAD.csproj", "{DC4AD01A-3340-4924-A13B-DBC0EE06941C}"
EndProject
Project("{2150E333-8FDC-42A3-9474-1A3956D46DE8}") = "OCP_Validate", "OCP_Validate", "{ABF8BF66-0C9D-46FA-8517-FE5B4782BE8A}"
EndProject
Project("{FAE04EC0-301F-11D3-BF4B-00C04F79EFBC}") = "CA_OCP_VALIDATE", "CA_OCP_VALIDATE\CA_OCP_VALIDATE.csproj", "{433D9431-541A-47C5-A25D-259BC59F6C4C}"
EndProject
Global
	GlobalSection(SolutionConfigurationPlatforms) = preSolution
		Debug|Any CPU = Debug|Any CPU
		Release|Any CPU = Release|Any CPU
	EndGlobalSection
	GlobalSection(ProjectConfigurationPlatforms) = postSolution
		{6C81CFEF-7A1E-469F-9C34-4FF9473A3109}.Debug|Any CPU.ActiveCfg = Debug|Any CPU
		{6C81CFEF-7A1E-469F-9C34-4FF9473A3109}.Debug|Any CPU.Build.0 = Debug|Any CPU
		{6C81CFEF-7A1E-469F-9C34-4FF9473A3109}.Release|Any CPU.ActiveCfg = Release|Any CPU
		{6C81CFEF-7A1E-469F-9C34-4FF9473A3109}.Release|Any CPU.Build.0 = Release|Any CPU
		{B32639EA-D58D-47B3-9005-480CE34D547F}.Debug|Any CPU.ActiveCfg = Debug|Any CPU
		{B32639EA-D58D-47B3-9005-480CE34D547F}.Debug|Any CPU.Build.0 = Debug|Any CPU
		{B32639EA-D58D-47B3-9005-480CE34D547F}.Release|Any CPU.ActiveCfg = Release|Any CPU
		{B32639EA-D58D-47B3-9005-480CE34D547F}.Release|Any CPU.Build.0 = Release|Any CPU
		{DC4AD01A-3340-4924-A13B-DBC0EE06941C}.Debug|Any CPU.ActiveCfg = Debug|Any CPU
		{DC4AD01A-3340-4924-A13B-DBC0EE06941C}.Debug|Any CPU.Build.0 = Debug|Any CPU
		{DC4AD01A-3340-4924-A13B-DBC0EE06941C}.Release|Any CPU.ActiveCfg = Release|Any CPU
		{DC4AD01A-3340-4924-A13B-DBC0EE06941C}.Release|Any CPU.Build.0 = Release|Any CPU
		{433D9431-541A-47C5-A25D-259BC59F6C4C}.Debug|Any CPU.ActiveCfg = Debug|Any CPU
		{433D9431-541A-47C5-A25D-259BC59F6C4C}.Debug|Any CPU.Build.0 = Debug|Any CPU
		{433D9431-541A-47C5-A25D-259BC59F6C4C}.Release|Any CPU.ActiveCfg = Release|Any CPU
		{433D9431-541A-47C5-A25D-259BC59F6C4C}.Release|Any CPU.Build.0 = Release|Any CPU
	EndGlobalSection
	GlobalSection(SolutionProperties) = preSolution
		HideSolutionNode = FALSE
	EndGlobalSection
	GlobalSection(NestedProjects) = preSolution
		{6C81CFEF-7A1E-469F-9C34-4FF9473A3109} = {643EE757-5D74-4ACF-8F15-4641524867B2}
		{B32639EA-D58D-47B3-9005-480CE34D547F} = {11C1426D-BE9E-4C0D-A63E-9722559EFF37}
		{DC4AD01A-3340-4924-A13B-DBC0EE06941C} = {E9CBEB4D-8BD1-4AE3-BCD1-F2818F352DEB}
		{433D9431-541A-47C5-A25D-259BC59F6C4C} = {ABF8BF66-0C9D-46FA-8517-FE5B4782BE8A}
	EndGlobalSection
	GlobalSection(ExtensibilityGlobals) = postSolution
		SolutionGuid = {02599592-9F61-4174-B0B3-467F9A81C5B3}
	EndGlobalSection
EndGlobal
